{
  "originHash" : "11929b4af27acea37b2671991b8153d71384fca4edd0de50dfa8d5626ef71100",
  "pins" : [
    {
      "identity" : "capacitor-swift-pm",
      "kind" : "remoteSourceControl",
      "location" : "https://github.com/ionic-team/capacitor-swift-pm.git",
      "state" : {
        "revision" : "1af38be000bb5fcd1d8fec09694115cdcb179695",
        "version" : "8.3.3"
      }
    }
  ],
  "version" : 3
}
